
Microsoft Visual Studio Solution File, Format Version 12.00
# Visual Studio Version 17
VisualStudioVersion = 17.3.32922.545
MinimumVisualStudioVersion = 10.0.40219.1
Project("{8BC9CEB8-8B4A-11D0-8D11-00A0C91BC942}") = "lab09.1(B)", "lab09.1(B)\lab09.1(B).vcxproj", "{03B1CAE0-88F2-4FD9-9D0A-6995FCB93C99}"
EndProject
Project("{8BC9CEB8-8B4A-11D0-8D11-00A0C91BC942}") = "UnitTest1", "UnitTest1\UnitTest1.vcxproj", "{A4DD3734-EDDE-462D-B2BE-FBDED1D5C0EA}"
EndProject
Global
	GlobalSection(SolutionConfigurationPlatforms) = preSolution
		Debug|x64 = Debug|x64
		Debug|x86 = Debug|x86
		Release|x64 = Release|x64
		Release|x86 = Release|x86
	EndGlobalSection
	GlobalSection(ProjectConfigurationPlatforms) = postSolution
		{03B1CAE0-88F2-4FD9-9D0A-6995FCB93C99}.Debug|x64.ActiveCfg = Debug|x64
		{03B1CAE0-88F2-4FD9-9D0A-6995FCB93C99}.Debug|x64.Build.0 = Debug|x64
		{03B1CAE0-88F2-4FD9-9D0A-6995FCB93C99}.Debug|x86.ActiveCfg = Debug|Win32
		{03B1CAE0-88F2-4FD9-9D0A-6995FCB93C99}.Debug|x86.Build.0 = Debug|Win32
		{03B1CAE0-88F2-4FD9-9D0A-6995FCB93C99}.Release|x64.ActiveCfg = Release|x64
		{03B1CAE0-88F2-4FD9-9D0A-6995FCB93C99}.Release|x64.Build.0 = Release|x64
		{03B1CAE0-88F2-4FD9-9D0A-6995FCB93C99}.Release|x86.ActiveCfg = Release|Win32
		{03B1CAE0-88F2-4FD9-9D0A-6995FCB93C99}.Release|x86.Build.0 = Release|Win32
		{A4DD3734-EDDE-462D-B2BE-FBDED1D5C0EA}.Debug|x64.ActiveCfg = Debug|x64
		{A4DD3734-EDDE-462D-B2BE-FBDED1D5C0EA}.Debug|x64.Build.0 = Debug|x64
		{A4DD3734-EDDE-462D-B2BE-FBDED1D5C0EA}.Debug|x86.ActiveCfg = Debug|Win32
		{A4DD3734-EDDE-462D-B2BE-FBDED1D5C0EA}.Debug|x86.Build.0 = Debug|Win32
		{A4DD3734-EDDE-462D-B2BE-FBDED1D5C0EA}.Release|x64.ActiveCfg = Release|x64
		{A4DD3734-EDDE-462D-B2BE-FBDED1D5C0EA}.Release|x64.Build.0 = Release|x64
		{A4DD3734-EDDE-462D-B2BE-FBDED1D5C0EA}.Release|x86.ActiveCfg = Release|Win32
		{A4DD3734-EDDE-462D-B2BE-FBDED1D5C0EA}.Release|x86.Build.0 = Release|Win32
	EndGlobalSection
	GlobalSection(SolutionProperties) = preSolution
		HideSolutionNode = FALSE
	EndGlobalSection
	GlobalSection(ExtensibilityGlobals) = postSolution
		SolutionGuid = {4891062B-68D3-496B-9DA0-9282D34102EF}
	EndGlobalSection
EndGlobal
